
Microsoft Visual Studio Solution File, Format Version 12.00
# Visual Studio Version 17
VisualStudioVersion = 17.3.32929.385
MinimumVisualStudioVersion = 10.0.40219.1
Project("{FAE04EC0-301F-11D3-BF4B-00C04F79EFBC}") = "BotAppToTest", "BotAppToTest.csproj", "{606465DA-3A1F-4D83-A98B-2B2DC95D47F5}"
EndProject
Global
	GlobalSection(SolutionConfigurationPlatforms) = preSolution
		Debug|Any CPU = Debug|Any CPU
		Release|Any CPU = Release|Any CPU
	EndGlobalSection
	GlobalSection(ProjectConfigurationPlatforms) = postSolution
		{606465DA-3A1F-4D83-A98B-2B2DC95D47F5}.Debug|Any CPU.ActiveCfg = Debug|Any CPU
		{606465DA-3A1F-4D83-A98B-2B2DC95D47F5}.Debug|Any CPU.Build.0 = Debug|Any CPU
		{606465DA-3A1F-4D83-A98B-2B2DC95D47F5}.Release|Any CPU.ActiveCfg = Release|Any CPU
		{606465DA-3A1F-4D83-A98B-2B2DC95D47F5}.Release|Any CPU.Build.0 = Release|Any CPU
	EndGlobalSection
	GlobalSection(SolutionProperties) = preSolution
		HideSolutionNode = FALSE
	EndGlobalSection
	GlobalSection(ExtensibilityGlobals) = postSolution
		SolutionGuid = {BC7DE2BF-FCA5-45B5-BBB3-9C91981EF9B7}
	EndGlobalSection
EndGlobal
